
Microsoft Visual Studio Solution File, Format Version 12.00
# Visual Studio 15
VisualStudioVersion = 15.0.27130.2020
MinimumVisualStudioVersion = 10.0.40219.1
Project("{9A19103F-16F7-4668-BE54-9A1E7A4F7556}") = "APIAlturas", "APIAlturas\APIAlturas.csproj", "{A46CD7BF-52DB-41CB-A9F8-F7FA945B50D9}"
EndProject
Global
	GlobalSection(SolutionConfigurationPlatforms) = preSolution
		Debug|Any CPU = Debug|Any CPU
		Release|Any CPU = Release|Any CPU
	EndGlobalSection
	GlobalSection(ProjectConfigurationPlatforms) = postSolution
		{A46CD7BF-52DB-41CB-A9F8-F7FA945B50D9}.Debug|Any CPU.ActiveCfg = Debug|Any CPU
		{A46CD7BF-52DB-41CB-A9F8-F7FA945B50D9}.Debug|Any CPU.Build.0 = Debug|Any CPU
		{A46CD7BF-52DB-41CB-A9F8-F7FA945B50D9}.Release|Any CPU.ActiveCfg = Release|Any CPU
		{A46CD7BF-52DB-41CB-A9F8-F7FA945B50D9}.Release|Any CPU.Build.0 = Release|Any CPU
	EndGlobalSection
	GlobalSection(SolutionProperties) = preSolution
		HideSolutionNode = FALSE
	EndGlobalSection
	GlobalSection(ExtensibilityGlobals) = postSolution
		SolutionGuid = {B80C1CDB-46EE-40A6-94B8-F01694AD3D94}
	EndGlobalSection
EndGlobal
